{
  "name": "seo-you-grow",
  "version": "1.0.0",
  "lockfileVersion": 3,
  "requires": true,
  "packages": {
    "": {
      "name": "seo-you-grow",
      "version": "1.0.0",
      "dependencies": {
        "expo": "^51.0.0",
        "react": "18.2.0",
        "react-native": "0.76.0"
      }
    },
    "node_modules/expo": {
      "version": "51.0.0",
      "resolved": "https://registry.npmjs.org/expo/-/expo-51.0.0.tgz",
      "integrity": "sha512-PLACEHOLDER"
    },
    "node_modules/react": {
      "version": "18.2.0",
      "resolved": "https://registry.npmjs.org/react/-/react-18.2.0.tgz",
      "integrity": "sha512-PLACEHOLDER"
    },
    "node_modules/react-native": {
      "version": "0.76.0",
      "resolved": "https://registry.npmjs.org/react-native/-/react-native-0.76.0.tgz",
      "integrity": "sha512-PLACEHOLDER"
    }
  }
}
